
Microsoft Visual Studio Solution File, Format Version 12.00
# Visual Studio Version 17
VisualStudioVersion = 17.11.35327.3
MinimumVisualStudioVersion = 10.0.40219.1
Project("{FAE04EC0-301F-11D3-BF4B-00C04F79EFBC}") = "OnlineShop.Data", "OnlineShop.Data\OnlineShop.Data.csproj", "{5A1F7D31-A8A6-4EC5-AA00-112998398929}"
EndProject
Project("{FAE04EC0-301F-11D3-BF4B-00C04F79EFBC}") = "OnlineShop.Domin", "OnlineShop.Domin\OnlineShop.Domin.csproj", "{AB6082DC-936C-48D5-9E03-DEA4ED072EEA}"
EndProject
Project("{FAE04EC0-301F-11D3-BF4B-00C04F79EFBC}") = "OnlineShop.Model", "OnlineShop.Model\OnlineShop.Model.csproj", "{563326EA-8881-467D-8E03-C6AAD165E407}"
EndProject
Project("{FAE04EC0-301F-11D3-BF4B-00C04F79EFBC}") = "OnlineShop.Service", "OnlineShop.Service\OnlineShop.Service.csproj", "{946A974F-C8C2-4A28-AD92-81DEC850EEEF}"
EndProject
Global
	GlobalSection(SolutionConfigurationPlatforms) = preSolution
		Debug|Any CPU = Debug|Any CPU
		Release|Any CPU = Release|Any CPU
	EndGlobalSection
	GlobalSection(ProjectConfigurationPlatforms) = postSolution
		{5A1F7D31-A8A6-4EC5-AA00-112998398929}.Debug|Any CPU.ActiveCfg = Debug|Any CPU
		{5A1F7D31-A8A6-4EC5-AA00-112998398929}.Debug|Any CPU.Build.0 = Debug|Any CPU
		{5A1F7D31-A8A6-4EC5-AA00-112998398929}.Release|Any CPU.ActiveCfg = Release|Any CPU
		{5A1F7D31-A8A6-4EC5-AA00-112998398929}.Release|Any CPU.Build.0 = Release|Any CPU
		{AB6082DC-936C-48D5-9E03-DEA4ED072EEA}.Debug|Any CPU.ActiveCfg = Debug|Any CPU
		{AB6082DC-936C-48D5-9E03-DEA4ED072EEA}.Debug|Any CPU.Build.0 = Debug|Any CPU
		{AB6082DC-936C-48D5-9E03-DEA4ED072EEA}.Release|Any CPU.ActiveCfg = Release|Any CPU
		{AB6082DC-936C-48D5-9E03-DEA4ED072EEA}.Release|Any CPU.Build.0 = Release|Any CPU
		{563326EA-8881-467D-8E03-C6AAD165E407}.Debug|Any CPU.ActiveCfg = Debug|Any CPU
		{563326EA-8881-467D-8E03-C6AAD165E407}.Debug|Any CPU.Build.0 = Debug|Any CPU
		{563326EA-8881-467D-8E03-C6AAD165E407}.Release|Any CPU.ActiveCfg = Release|Any CPU
		{563326EA-8881-467D-8E03-C6AAD165E407}.Release|Any CPU.Build.0 = Release|Any CPU
		{946A974F-C8C2-4A28-AD92-81DEC850EEEF}.Debug|Any CPU.ActiveCfg = Debug|Any CPU
		{946A974F-C8C2-4A28-AD92-81DEC850EEEF}.Debug|Any CPU.Build.0 = Debug|Any CPU
		{946A974F-C8C2-4A28-AD92-81DEC850EEEF}.Release|Any CPU.ActiveCfg = Release|Any CPU
		{946A974F-C8C2-4A28-AD92-81DEC850EEEF}.Release|Any CPU.Build.0 = Release|Any CPU
	EndGlobalSection
	GlobalSection(SolutionProperties) = preSolution
		HideSolutionNode = FALSE
	EndGlobalSection
	GlobalSection(ExtensibilityGlobals) = postSolution
		SolutionGuid = {49A10B60-3DD6-4C15-B0F0-A59366970FC5}
	EndGlobalSection
EndGlobal
